
Microsoft Visual Studio Solution File, Format Version 12.00
# Visual Studio 15
VisualStudioVersion = 15.0.27130.2036
MinimumVisualStudioVersion = 10.0.40219.1
Project("{FAE04EC0-301F-11D3-BF4B-00C04F79EFBC}") = "TestPhysics", "TestPhysics\TestPhysics.csproj", "{1F1A33F3-176C-4C2A-AFF9-487BED7DCA38}"
	ProjectSection(ProjectDependencies) = postProject
		{9BDB80C5-9509-467A-803F-EF3A6065423D} = {9BDB80C5-9509-467A-803F-EF3A6065423D}
	EndProjectSection
EndProject
Project("{FAE04EC0-301F-11D3-BF4B-00C04F79EFBC}") = "SharpEngineMathUtility", "MathUtility\SharpEngineMathUtility.csproj", "{3B6B749B-D6C4-4176-B40E-84FE676733B7}"
EndProject
Project("{FAE04EC0-301F-11D3-BF4B-00C04F79EFBC}") = "Utility", "Utility\Utility.csproj", "{40EC4E5C-91BF-4F11-949C-B387CBFD2A02}"
EndProject
Project("{FAE04EC0-301F-11D3-BF4B-00C04F79EFBC}") = "SharpPhysicsEngine", "PhysicsEngine\SharpPhysicsEngine.csproj", "{45BC9A44-8517-4BC3-81DC-C7007D248F8C}"
EndProject
Project("{FAE04EC0-301F-11D3-BF4B-00C04F79EFBC}") = "PhysicsUnitTest", "PhysicsUnitTest\PhysicsUnitTest.csproj", "{9BDB80C5-9509-467A-803F-EF3A6065423D}"
EndProject
Project("{8BC9CEB8-8B4A-11D0-8D11-00A0C91BC942}") = "WrapperTest", "WrapperTest\WrapperTest.vcxproj", "{CC61A117-7C15-4539-811C-5C40A4ECBFF5}"
EndProject
Global
	GlobalSection(SolutionConfigurationPlatforms) = preSolution
		Debug|Any CPU = Debug|Any CPU
		Debug|x64 = Debug|x64
		Debug|x86 = Debug|x86
		Release|Any CPU = Release|Any CPU
		Release|x64 = Release|x64
		Release|x86 = Release|x86
	EndGlobalSection
	GlobalSection(ProjectConfigurationPlatforms) = postSolution
		{1F1A33F3-176C-4C2A-AFF9-487BED7DCA38}.Debug|Any CPU.ActiveCfg = Debug|x64
		{1F1A33F3-176C-4C2A-AFF9-487BED7DCA38}.Debug|Any CPU.Build.0 = Debug|x64
		{1F1A33F3-176C-4C2A-AFF9-487BED7DCA38}.Debug|x64.ActiveCfg = Debug|x64
		{1F1A33F3-176C-4C2A-AFF9-487BED7DCA38}.Debug|x64.Build.0 = Debug|x64
		{1F1A33F3-176C-4C2A-AFF9-487BED7DCA38}.Debug|x86.ActiveCfg = Debug|x86
		{1F1A33F3-176C-4C2A-AFF9-487BED7DCA38}.Debug|x86.Build.0 = Debug|x86
		{1F1A33F3-176C-4C2A-AFF9-487BED7DCA38}.Release|Any CPU.ActiveCfg = Release|x86
		{1F1A33F3-176C-4C2A-AFF9-487BED7DCA38}.Release|x64.ActiveCfg = Release|x64
		{1F1A33F3-176C-4C2A-AFF9-487BED7DCA38}.Release|x64.Build.0 = Release|x64
		{1F1A33F3-176C-4C2A-AFF9-487BED7DCA38}.Release|x86.ActiveCfg = Release|x86
		{1F1A33F3-176C-4C2A-AFF9-487BED7DCA38}.Release|x86.Build.0 = Release|x86
		{3B6B749B-D6C4-4176-B40E-84FE676733B7}.Debug|Any CPU.ActiveCfg = Debug|x64
		{3B6B749B-D6C4-4176-B40E-84FE676733B7}.Debug|Any CPU.Build.0 = Debug|x64
		{3B6B749B-D6C4-4176-B40E-84FE676733B7}.Debug|x64.ActiveCfg = Debug|x64
		{3B6B749B-D6C4-4176-B40E-84FE676733B7}.Debug|x64.Build.0 = Debug|x64
		{3B6B749B-D6C4-4176-B40E-84FE676733B7}.Debug|x86.ActiveCfg = Debug|x86
		{3B6B749B-D6C4-4176-B40E-84FE676733B7}.Debug|x86.Build.0 = Debug|x86
		{3B6B749B-D6C4-4176-B40E-84FE676733B7}.Release|Any CPU.ActiveCfg = Release|x86
		{3B6B749B-D6C4-4176-B40E-84FE676733B7}.Release|x64.ActiveCfg = Release|x64
		{3B6B749B-D6C4-4176-B40E-84FE676733B7}.Release|x64.Build.0 = Release|x64
		{3B6B749B-D6C4-4176-B40E-84FE676733B7}.Release|x86.ActiveCfg = Release|x86
		{3B6B749B-D6C4-4176-B40E-84FE676733B7}.Release|x86.Build.0 = Release|x86
		{40EC4E5C-91BF-4F11-949C-B387CBFD2A02}.Debug|Any CPU.ActiveCfg = Debug|x64
		{40EC4E5C-91BF-4F11-949C-B387CBFD2A02}.Debug|Any CPU.Build.0 = Debug|x64
		{40EC4E5C-91BF-4F11-949C-B387CBFD2A02}.Debug|x64.ActiveCfg = Debug|x64
		{40EC4E5C-91BF-4F11-949C-B387CBFD2A02}.Debug|x64.Build.0 = Debug|x64
		{40EC4E5C-91BF-4F11-949C-B387CBFD2A02}.Debug|x86.ActiveCfg = Debug|x86
		{40EC4E5C-91BF-4F11-949C-B387CBFD2A02}.Debug|x86.Build.0 = Debug|x86
		{40EC4E5C-91BF-4F11-949C-B387CBFD2A02}.Release|Any CPU.ActiveCfg = Release|x86
		{40EC4E5C-91BF-4F11-949C-B387CBFD2A02}.Release|x64.ActiveCfg = Release|x64
		{40EC4E5C-91BF-4F11-949C-B387CBFD2A02}.Release|x64.Build.0 = Release|x64
		{40EC4E5C-91BF-4F11-949C-B387CBFD2A02}.Release|x86.ActiveCfg = Release|x86
		{40EC4E5C-91BF-4F11-949C-B387CBFD2A02}.Release|x86.Build.0 = Release|x86
		{45BC9A44-8517-4BC3-81DC-C7007D248F8C}.Debug|Any CPU.ActiveCfg = Debug|x64
		{45BC9A44-8517-4BC3-81DC-C7007D248F8C}.Debug|Any CPU.Build.0 = Debug|x64
		{45BC9A44-8517-4BC3-81DC-C7007D248F8C}.Debug|x64.ActiveCfg = Debug|x64
		{45BC9A44-8517-4BC3-81DC-C7007D248F8C}.Debug|x64.Build.0 = Debug|x64
		{45BC9A44-8517-4BC3-81DC-C7007D248F8C}.Debug|x86.ActiveCfg = Debug|x86
		{45BC9A44-8517-4BC3-81DC-C7007D248F8C}.Debug|x86.Build.0 = Debug|x86
		{45BC9A44-8517-4BC3-81DC-C7007D248F8C}.Release|Any CPU.ActiveCfg = Release|x86
		{45BC9A44-8517-4BC3-81DC-C7007D248F8C}.Release|x64.ActiveCfg = Release|x64
		{45BC9A44-8517-4BC3-81DC-C7007D248F8C}.Release|x64.Build.0 = Release|x64
		{45BC9A44-8517-4BC3-81DC-C7007D248F8C}.Release|x86.ActiveCfg = Release|x86
		{45BC9A44-8517-4BC3-81DC-C7007D248F8C}.Release|x86.Build.0 = Release|x86
		{9BDB80C5-9509-467A-803F-EF3A6065423D}.Debug|Any CPU.ActiveCfg = Debug|Any CPU
		{9BDB80C5-9509-467A-803F-EF3A6065423D}.Debug|Any CPU.Build.0 = Debug|Any CPU
		{9BDB80C5-9509-467A-803F-EF3A6065423D}.Debug|x64.ActiveCfg = Debug|Any CPU
		{9BDB80C5-9509-467A-803F-EF3A6065423D}.Debug|x64.Build.0 = Debug|Any CPU
		{9BDB80C5-9509-467A-803F-EF3A6065423D}.Debug|x86.ActiveCfg = Debug|Any CPU
		{9BDB80C5-9509-467A-803F-EF3A6065423D}.Debug|x86.Build.0 = Debug|Any CPU
		{9BDB80C5-9509-467A-803F-EF3A6065423D}.Release|Any CPU.ActiveCfg = Release|Any CPU
		{9BDB80C5-9509-467A-803F-EF3A6065423D}.Release|Any CPU.Build.0 = Release|Any CPU
		{9BDB80C5-9509-467A-803F-EF3A6065423D}.Release|x64.ActiveCfg = Release|Any CPU
		{9BDB80C5-9509-467A-803F-EF3A6065423D}.Release|x64.Build.0 = Release|Any CPU
		{9BDB80C5-9509-467A-803F-EF3A6065423D}.Release|x86.ActiveCfg = Release|Any CPU
		{9BDB80C5-9509-467A-803F-EF3A6065423D}.Release|x86.Build.0 = Release|Any CPU
		{CC61A117-7C15-4539-811C-5C40A4ECBFF5}.Debug|Any CPU.ActiveCfg = Debug|Win32
		{CC61A117-7C15-4539-811C-5C40A4ECBFF5}.Debug|x64.ActiveCfg = Debug|x64
		{CC61A117-7C15-4539-811C-5C40A4ECBFF5}.Debug|x64.Build.0 = Debug|x64
		{CC61A117-7C15-4539-811C-5C40A4ECBFF5}.Debug|x86.ActiveCfg = Debug|Win32
		{CC61A117-7C15-4539-811C-5C40A4ECBFF5}.Debug|x86.Build.0 = Debug|Win32
		{CC61A117-7C15-4539-811C-5C40A4ECBFF5}.Release|Any CPU.ActiveCfg = Release|Win32
		{CC61A117-7C15-4539-811C-5C40A4ECBFF5}.Release|x64.ActiveCfg = Release|x64
		{CC61A117-7C15-4539-811C-5C40A4ECBFF5}.Release|x64.Build.0 = Release|x64
		{CC61A117-7C15-4539-811C-5C40A4ECBFF5}.Release|x86.ActiveCfg = Release|Win32
		{CC61A117-7C15-4539-811C-5C40A4ECBFF5}.Release|x86.Build.0 = Release|Win32
	EndGlobalSection
	GlobalSection(SolutionProperties) = preSolution
		HideSolutionNode = FALSE
	EndGlobalSection
	GlobalSection(ExtensibilityGlobals) = postSolution
		SolutionGuid = {58703935-2D1D-40DF-951E-5E39B256E5F9}
	EndGlobalSection
EndGlobal
